// !$*UTF8*$!
{
	archiveVersion = 1;
	classes = {
	};
	objectVersion = 55;
	objects = {

/* Begin PBXBuildFile section */
		D5471F5028DB77F0009D8BCF /* UserSmartDevApp.swift in Sources */ = {isa = PBXBuildFile; fileRef = D5471F4F28DB77F0009D8BCF /* UserSmartDevApp.swift */; };
		D5471F5228DB77F0009D8BCF /* ContentView.swift in Sources */ = {isa = PBXBuildFile; fileRef = D5471F5128DB77F0009D8BCF /* ContentView.swift */; };
		D5471F5428DB77F3009D8BCF /* Assets.xcassets in Resources */ = {isa = PBXBuildFile; fileRef = D5471F5328DB77F3009D8BCF /* Assets.xcassets */; };
		D5471F5728DB77F3009D8BCF /* Preview Assets.xcassets in Resources */ = {isa = PBXBuildFile; fileRef = D5471F5628DB77F3009D8BCF /* Preview Assets.xcassets */; };
		D5471F5E28DB7817009D8BCF /* UserModel.swift in Sources */ = {isa = PBXBuildFile; fileRef = D5471F5D28DB7817009D8BCF /* UserModel.swift */; };
		D5471F6128DB7D33009D8BCF /* UserListView.swift in Sources */ = {isa = PBXBuildFile; fileRef = D5471F6028DB7D33009D8BCF /* UserListView.swift */; };
		D5471F6328DB7D3F009D8BCF /* UserRowView.swift in Sources */ = {isa = PBXBuildFile; fileRef = D5471F6228DB7D3F009D8BCF /* UserRowView.swift */; };
		D5471F6628DBA167009D8BCF /* UserDetailView.swift in Sources */ = {isa = PBXBuildFile; fileRef = D5471F6528DBA167009D8BCF /* UserDetailView.swift */; };
		D5471F6828E24C21009D8BCF /* NewUserView.swift in Sources */ = {isa = PBXBuildFile; fileRef = D5471F6728E24C21009D8BCF /* NewUserView.swift */; };
/* End PBXBuildFile section */

/* Begin PBXFileReference section */
		D5471F4C28DB77F0009D8BCF /* UserSmartDev.app */ = {isa = PBXFileReference; explicitFileType = wrapper.application; includeInIndex = 0; path = UserSmartDev.app; sourceTree = BUILT_PRODUCTS_DIR; };
		D5471F4F28DB77F0009D8BCF /* UserSmartDevApp.swift */ = {isa = PBXFileReference; lastKnownFileType = sourcecode.swift; path = UserSmartDevApp.swift; sourceTree = "<group>"; };
		D5471F5128DB77F0009D8BCF /* ContentView.swift */ = {isa = PBXFileReference; lastKnownFileType = sourcecode.swift; path = ContentView.swift; sourceTree = "<group>"; };
		D5471F5328DB77F3009D8BCF /* Assets.xcassets */ = {isa = PBXFileReference; lastKnownFileType = folder.assetcatalog; path = Assets.xcassets; sourceTree = "<group>"; };
		D5471F5628DB77F3009D8BCF /* Preview Assets.xcassets */ = {isa = PBXFileReference; lastKnownFileType = folder.assetcatalog; path = "Preview Assets.xcassets"; sourceTree = "<group>"; };
		D5471F5D28DB7817009D8BCF /* UserModel.swift */ = {isa = PBXFileReference; lastKnownFileType = sourcecode.swift; path = UserModel.swift; sourceTree = "<group>"; };
		D5471F6028DB7D33009D8BCF /* UserListView.swift */ = {isa = PBXFileReference; lastKnownFileType = sourcecode.swift; path = UserListView.swift; sourceTree = "<group>"; };
		D5471F6228DB7D3F009D8BCF /* UserRowView.swift */ = {isa = PBXFileReference; lastKnownFileType = sourcecode.swift; path = UserRowView.swift; sourceTree = "<group>"; };
		D5471F6528DBA167009D8BCF /* UserDetailView.swift */ = {isa = PBXFileReference; lastKnownFileType = sourcecode.swift; path = UserDetailView.swift; sourceTree = "<group>"; };
		D5471F6728E24C21009D8BCF /* NewUserView.swift */ = {isa = PBXFileReference; lastKnownFileType = sourcecode.swift; path = NewUserView.swift; sourceTree = "<group>"; };
/* End PBXFileReference section */

/* Begin PBXFrameworksBuildPhase section */
		D5471F4928DB77F0009D8BCF /* Frameworks */ = {
			isa = PBXFrameworksBuildPhase;
			buildActionMask = 2147483647;
			files = (
			);
			runOnlyForDeploymentPostprocessing = 0;
		};
/* End PBXFrameworksBuildPhase section */

/* Begin PBXGroup section */
		D5471F4328DB77F0009D8BCF = {
			isa = PBXGroup;
			children = (
				D5471F4E28DB77F0009D8BCF /* UserSmartDev */,
				D5471F4D28DB77F0009D8BCF /* Products */,
			);
			sourceTree = "<group>";
		};
		D5471F4D28DB77F0009D8BCF /* Products */ = {
			isa = PBXGroup;
			children = (
				D5471F4C28DB77F0009D8BCF /* UserSmartDev.app */,
			);
			name = Products;
			sourceTree = "<group>";
		};
		D5471F4E28DB77F0009D8BCF /* UserSmartDev */ = {
			isa = PBXGroup;
			children = (
				D5471F4F28DB77F0009D8BCF /* UserSmartDevApp.swift */,
				D5471F5128DB77F0009D8BCF /* ContentView.swift */,
				D5471F6428DB7D44009D8BCF /* View */,
				D5471F5F28DB781C009D8BCF /* Model */,
				D5471F5328DB77F3009D8BCF /* Assets.xcassets */,
				D5471F5528DB77F3009D8BCF /* Preview Content */,
			);
			path = UserSmartDev;
			sourceTree = "<group>";
		};
		D5471F5528DB77F3009D8BCF /* Preview Content */ = {
			isa = PBXGroup;
			children = (
				D5471F5628DB77F3009D8BCF /* Preview Assets.xcassets */,
			);
			path = "Preview Content";
			sourceTree = "<group>";
		};
		D5471F5F28DB781C009D8BCF /* Model */ = {
			isa = PBXGroup;
			children = (
				D5471F5D28DB7817009D8BCF /* UserModel.swift */,
			);
			path = Model;
			sourceTree = "<group>";
		};
		D5471F6428DB7D44009D8BCF /* View */ = {
			isa = PBXGroup;
			children = (
				D5471F6028DB7D33009D8BCF /* UserListView.swift */,
				D5471F6228DB7D3F009D8BCF /* UserRowView.swift */,
				D5471F6528DBA167009D8BCF /* UserDetailView.swift */,
				D5471F6728E24C21009D8BCF /* NewUserView.swift */,
			);
			path = View;
			sourceTree = "<group>";
		};
/* End PBXGroup section */

/* Begin PBXNativeTarget section */
		D5471F4B28DB77F0009D8BCF /* UserSmartDev */ = {
			isa = PBXNativeTarget;
			buildConfigurationList = D5471F5A28DB77F3009D8BCF /* Build configuration list for PBXNativeTarget "UserSmartDev" */;
			buildPhases = (
				D5471F4828DB77F0009D8BCF /* Sources */,
				D5471F4928DB77F0009D8BCF /* Frameworks */,
				D5471F4A28DB77F0009D8BCF /* Resources */,
			);
			buildRules = (
			);
			dependencies = (
			);
			name = UserSmartDev;
			productName = UserSmartDev;
			productReference = D5471F4C28DB77F0009D8BCF /* UserSmartDev.app */;
			productType = "com.apple.product-type.application";
		};
/* End PBXNativeTarget section */

/* Begin PBXProject section */
		D5471F4428DB77F0009D8BCF /* Project object */ = {
			isa = PBXProject;
			attributes = {
				BuildIndependentTargetsInParallel = 1;
				LastSwiftUpdateCheck = 1340;
				LastUpgradeCheck = 1340;
				TargetAttributes = {
					D5471F4B28DB77F0009D8BCF = {
						CreatedOnToolsVersion = 13.4.1;
					};
				};
			};
			buildConfigurationList = D5471F4728DB77F0009D8BCF /* Build configuration list for PBXProject "UserSmartDev" */;
			compatibilityVersion = "Xcode 13.0";
			developmentRegion = en;
			hasScannedForEncodings = 0;
			knownRegions = (
				en,
				Base,
			);
			mainGroup = D5471F4328DB77F0009D8BCF;
			productRefGroup = D5471F4D28DB77F0009D8BCF /* Products */;
			projectDirPath = "";
			projectRoot = "";
			targets = (
				D5471F4B28DB77F0009D8BCF /* UserSmartDev */,
			);
		};
/* End PBXProject section */

/* Begin PBXResourcesBuildPhase section */
		D5471F4A28DB77F0009D8BCF /* Resources */ = {
			isa = PBXResourcesBuildPhase;
			buildActionMask = 2147483647;
			files = (
				D5471F5728DB77F3009D8BCF /* Preview Assets.xcassets in Resources */,
				D5471F5428DB77F3009D8BCF /* Assets.xcassets in Resources */,
			);
			runOnlyForDeploymentPostprocessing = 0;
		};
/* End PBXResourcesBuildPhase section */

/* Begin PBXSourcesBuildPhase section */
		D5471F4828DB77F0009D8BCF /* Sources */ = {
			isa = PBXSourcesBuildPhase;
			buildActionMask = 2147483647;
			files = (
				D5471F5228DB77F0009D8BCF /* ContentView.swift in Sources */,
				D5471F6828E24C21009D8BCF /* NewUserView.swift in Sources */,
				D5471F6328DB7D3F009D8BCF /* UserRowView.swift in Sources */,
				D5471F5E28DB7817009D8BCF /* UserModel.swift in Sources */,
				D5471F5028DB77F0009D8BCF /* UserSmartDevApp.swift in Sources */,
				D5471F6628DBA167009D8BCF /* UserDetailView.swift in Sources */,
				D5471F6128DB7D33009D8BCF /* UserListView.swift in Sources */,
			);
			runOnlyForDeploymentPostprocessing = 0;
		};
/* End PBXSourcesBuildPhase section */

/* Begin XCBuildConfiguration section */
		D5471F5828DB77F3009D8BCF /* Debug */ = {
			isa = XCBuildConfiguration;
			buildSettings = {
				ALWAYS_SEARCH_USER_PATHS = NO;
				CLANG_ANALYZER_NONNULL = YES;
				CLANG_ANALYZER_NUMBER_OBJECT_CONVERSION = YES_AGGRESSIVE;
				CLANG_CXX_LANGUAGE_STANDARD = "gnu++17";
				CLANG_ENABLE_MODULES = YES;
				CLANG_ENABLE_OBJC_ARC = YES;
				CLANG_ENABLE_OBJC_WEAK = YES;
				CLANG_WARN_BLOCK_CAPTURE_AUTORELEASING = YES;
				CLANG_WARN_BOOL_CONVERSION = YES;
				CLANG_WARN_COMMA = YES;
				CLANG_WARN_CONSTANT_CONVERSION = YES;
				CLANG_WARN_DEPRECATED_OBJC_IMPLEMENTATIONS = YES;
				CLANG_WARN_DIRECT_OBJC_ISA_USAGE = YES_ERROR;
				CLANG_WARN_DOCUMENTATION_COMMENTS = YES;
				CLANG_WARN_EMPTY_BODY = YES;
				CLANG_WARN_ENUM_CONVERSION = YES;
				CLANG_WARN_INFINITE_RECURSION = YES;
				CLANG_WARN_INT_CONVERSION = YES;
				CLANG_WARN_NON_LITERAL_NULL_CONVERSION = YES;
				CLANG_WARN_OBJC_IMPLICIT_RETAIN_SELF = YES;
				CLANG_WARN_OBJC_LITERAL_CONVERSION = YES;
				CLANG_WARN_OBJC_ROOT_CLASS = YES_ERROR;
				CLANG_WARN_QUOTED_INCLUDE_IN_FRAMEWORK_HEADER = YES;
				CLANG_WARN_RANGE_LOOP_ANALYSIS = YES;
				CLANG_WARN_STRICT_PROTOTYPES = YES;
				CLANG_WARN_SUSPICIOUS_MOVE = YES;
				CLANG_WARN_UNGUARDED_AVAILABILITY = YES_AGGRESSIVE;
				CLANG_WARN_UNREACHABLE_CODE = YES;
				CLANG_WARN__DUPLICATE_METHOD_MATCH = YES;
				COPY_PHASE_STRIP = NO;
				DEBUG_INFORMATION_FORMAT = dwarf;
				ENABLE_STRICT_OBJC_MSGSEND = YES;
				ENABLE_TESTABILITY = YES;
				GCC_C_LANGUAGE_STANDARD = gnu11;
				GCC_DYNAMIC_NO_PIC = NO;
				GCC_NO_COMMON_BLOCKS = YES;
				GCC_OPTIMIZATION_LEVEL = 0;
				GCC_PREPROCESSOR_DEFINITIONS = (
					"DEBUG=1",
					"$(inherited)",
				);
				GCC_WARN_64_TO_32_BIT_CONVERSION = YES;
				GCC_WARN_ABOUT_RETURN_TYPE = YES_ERROR;
				GCC_WARN_UNDECLARED_SELECTOR = YES;
				GCC_WARN_UNINITIALIZED_AUTOS = YES_AGGRESSIVE;
				GCC_WARN_UNUSED_FUNCTION = YES;
				GCC_WARN_UNUSED_VARIABLE = YES;
				IPHONEOS_DEPLOYMENT_TARGET = 15.5;
				MTL_ENABLE_DEBUG_INFO = INCLUDE_SOURCE;
				MTL_FAST_MATH = YES;
				ONLY_ACTIVE_ARCH = YES;
				SDKROOT = iphoneos;
				SWIFT_ACTIVE_COMPILATION_CONDITIONS = DEBUG;
				SWIFT_OPTIMIZATION_LEVEL = "-Onone";
			};
			name = Debug;
		};
		D5471F5928DB77F3009D8BCF /* Release */ = {
			isa = XCBuildConfiguration;
			buildSettings = {
				ALWAYS_SEARCH_USER_PATHS = NO;
				CLANG_ANALYZER_NONNULL = YES;
				CLANG_ANALYZER_NUMBER_OBJECT_CONVERSION = YES_AGGRESSIVE;
				CLANG_CXX_LANGUAGE_STANDARD = "gnu++17";
				CLANG_ENABLE_MODULES = YES;
				CLANG_ENABLE_OBJC_ARC = YES;
				CLANG_ENABLE_OBJC_WEAK = YES;
				CLANG_WARN_BLOCK_CAPTURE_AUTORELEASING = YES;
				CLANG_WARN_BOOL_CONVERSION = YES;
				CLANG_WARN_COMMA = YES;
				CLANG_WARN_CONSTANT_CONVERSION = YES;
				CLANG_WARN_DEPRECATED_OBJC_IMPLEMENTATIONS = YES;
				CLANG_WARN_DIRECT_OBJC_ISA_USAGE = YES_ERROR;
				CLANG_WARN_DOCUMENTATION_COMMENTS = YES;
				CLANG_WARN_EMPTY_BODY = YES;
				CLANG_WARN_ENUM_CONVERSION = YES;
				CLANG_WARN_INFINITE_RECURSION = YES;
				CLANG_WARN_INT_CONVERSION = YES;
				CLANG_WARN_NON_LITERAL_NULL_CONVERSION = YES;
				CLANG_WARN_OBJC_IMPLICIT_RETAIN_SELF = YES;
				CLANG_WARN_OBJC_LITERAL_CONVERSION = YES;
				CLANG_WARN_OBJC_ROOT_CLASS = YES_ERROR;
				CLANG_WARN_QUOTED_INCLUDE_IN_FRAMEWORK_HEADER = YES;
				CLANG_WARN_RANGE_LOOP_ANALYSIS = YES;
				CLANG_WARN_STRICT_PROTOTYPES = YES;
				CLANG_WARN_SUSPICIOUS_MOVE = YES;
				CLANG_WARN_UNGUARDED_AVAILABILITY = YES_AGGRESSIVE;
				CLANG_WARN_UNREACHABLE_CODE = YES;
				CLANG_WARN__DUPLICATE_METHOD_MATCH = YES;
				COPY_PHASE_STRIP = NO;
				DEBUG_INFORMATION_FORMAT = "dwarf-with-dsym";
				ENABLE_NS_ASSERTIONS = NO;
				ENABLE_STRICT_OBJC_MSGSEND = YES;
				GCC_C_LANGUAGE_STANDARD = gnu11;
				GCC_NO_COMMON_BLOCKS = YES;
				GCC_WARN_64_TO_32_BIT_CONVERSION = YES;
				GCC_WARN_ABOUT_RETURN_TYPE = YES_ERROR;
				GCC_WARN_UNDECLARED_SELECTOR = YES;
				GCC_WARN_UNINITIALIZED_AUTOS = YES_AGGRESSIVE;
				GCC_WARN_UNUSED_FUNCTION = YES;
				GCC_WARN_UNUSED_VARIABLE = YES;
				IPHONEOS_DEPLOYMENT_TARGET = 15.5;
				MTL_ENABLE_DEBUG_INFO = NO;
				MTL_FAST_MATH = YES;
				SDKROOT = iphoneos;
				SWIFT_COMPILATION_MODE = wholemodule;
				SWIFT_OPTIMIZATION_LEVEL = "-O";
				VALIDATE_PRODUCT = YES;
			};
			name = Release;
		};
		D5471F5B28DB77F3009D8BCF /* Debug */ = {
			isa = XCBuildConfiguration;
			buildSettings = {
				ASSETCATALOG_COMPILER_APPICON_NAME = AppIcon;
				ASSETCATALOG_COMPILER_GLOBAL_ACCENT_COLOR_NAME = AccentColor;
				CODE_SIGN_STYLE = Automatic;
				CURRENT_PROJECT_VERSION = 1;
				DEVELOPMENT_ASSET_PATHS = "\"UserSmartDev/Preview Content\"";
				DEVELOPMENT_TEAM = 52A9VNS632;
				ENABLE_PREVIEWS = YES;
				GENERATE_INFOPLIST_FILE = YES;
				INFOPLIST_KEY_UIApplicationSceneManifest_Generation = YES;
				INFOPLIST_KEY_UIApplicationSupportsIndirectInputEvents = YES;
				INFOPLIST_KEY_UILaunchScreen_Generation = YES;
				INFOPLIST_KEY_UISupportedInterfaceOrientations_iPad = "UIInterfaceOrientationPortrait UIInterfaceOrientationPortraitUpsideDown UIInterfaceOrientationLandscapeLeft UIInterfaceOrientationLandscapeRight";
				INFOPLIST_KEY_UISupportedInterfaceOrientations_iPhone = "UIInterfaceOrientationPortrait UIInterfaceOrientationLandscapeLeft UIInterfaceOrientationLandscapeRight";
				LD_RUNPATH_SEARCH_PATHS = (
					"$(inherited)",
					"@executable_path/Frameworks",
				);
				MARKETING_VERSION = 1.0;
				PRODUCT_BUNDLE_IDENTIFIER = "com.alex-pops.UserSmartDev";
				PRODUCT_NAME = "$(TARGET_NAME)";
				SWIFT_EMIT_LOC_STRINGS = YES;
				SWIFT_VERSION = 5.0;
				TARGETED_DEVICE_FAMILY = "1,2";
			};
			name = Debug;
		};
		D5471F5C28DB77F3009D8BCF /* Release */ = {
			isa = XCBuildConfiguration;
			buildSettings = {
				ASSETCATALOG_COMPILER_APPICON_NAME = AppIcon;
				ASSETCATALOG_COMPILER_GLOBAL_ACCENT_COLOR_NAME = AccentColor;
				CODE_SIGN_STYLE = Automatic;
				CURRENT_PROJECT_VERSION = 1;
				DEVELOPMENT_ASSET_PATHS = "\"UserSmartDev/Preview Content\"";
				DEVELOPMENT_TEAM = 52A9VNS632;
				ENABLE_PREVIEWS = YES;
				GENERATE_INFOPLIST_FILE = YES;
				INFOPLIST_KEY_UIApplicationSceneManifest_Generation = YES;
				INFOPLIST_KEY_UIApplicationSupportsIndirectInputEvents = YES;
				INFOPLIST_KEY_UILaunchScreen_Generation = YES;
				INFOPLIST_KEY_UISupportedInterfaceOrientations_iPad = "UIInterfaceOrientationPortrait UIInterfaceOrientationPortraitUpsideDown UIInterfaceOrientationLandscapeLeft UIInterfaceOrientationLandscapeRight";
				INFOPLIST_KEY_UISupportedInterfaceOrientations_iPhone = "UIInterfaceOrientationPortrait UIInterfaceOrientationLandscapeLeft UIInterfaceOrientationLandscapeRight";
				LD_RUNPATH_SEARCH_PATHS = (
					"$(inherited)",
					"@executable_path/Frameworks",
				);
				MARKETING_VERSION = 1.0;
				PRODUCT_BUNDLE_IDENTIFIER = "com.alex-pops.UserSmartDev";
				PRODUCT_NAME = "$(TARGET_NAME)";
				SWIFT_EMIT_LOC_STRINGS = YES;
				SWIFT_VERSION = 5.0;
				TARGETED_DEVICE_FAMILY = "1,2";
			};
			name = Release;
		};
/* End XCBuildConfiguration section */

/* Begin XCConfigurationList section */
		D5471F4728DB77F0009D8BCF /* Build configuration list for PBXProject "UserSmartDev" */ = {
			isa = XCConfigurationList;
			buildConfigurations = (
				D5471F5828DB77F3009D8BCF /* Debug */,
				D5471F5928DB77F3009D8BCF /* Release */,
			);
			defaultConfigurationIsVisible = 0;
			defaultConfigurationName = Release;
		};
		D5471F5A28DB77F3009D8BCF /* Build configuration list for PBXNativeTarget "UserSmartDev" */ = {
			isa = XCConfigurationList;
			buildConfigurations = (
				D5471F5B28DB77F3009D8BCF /* Debug */,
				D5471F5C28DB77F3009D8BCF /* Release */,
			);
			defaultConfigurationIsVisible = 0;
			defaultConfigurationName = Release;
		};
/* End XCConfigurationList section */
	};
	rootObject = D5471F4428DB77F0009D8BCF /* Project object */;
}
